
Microsoft Visual Studio Solution File, Format Version 12.00
# Visual Studio Version 17
VisualStudioVersion = 17.5.33530.505
MinimumVisualStudioVersion = 10.0.40219.1
Project("{FAE04EC0-301F-11D3-BF4B-00C04F79EFBC}") = "cgpa", "cgpa\cgpa.csproj", "{42D10D62-6B6A-4A47-AC92-69A8A2E01DB7}"
EndProject
Global
	GlobalSection(SolutionConfigurationPlatforms) = preSolution
		Debug|Any CPU = Debug|Any CPU
		Release|Any CPU = Release|Any CPU
	EndGlobalSection
	GlobalSection(ProjectConfigurationPlatforms) = postSolution
		{42D10D62-6B6A-4A47-AC92-69A8A2E01DB7}.Debug|Any CPU.ActiveCfg = Debug|Any CPU
		{42D10D62-6B6A-4A47-AC92-69A8A2E01DB7}.Debug|Any CPU.Build.0 = Debug|Any CPU
		{42D10D62-6B6A-4A47-AC92-69A8A2E01DB7}.Release|Any CPU.ActiveCfg = Release|Any CPU
		{42D10D62-6B6A-4A47-AC92-69A8A2E01DB7}.Release|Any CPU.Build.0 = Release|Any CPU
	EndGlobalSection
	GlobalSection(SolutionProperties) = preSolution
		HideSolutionNode = FALSE
	EndGlobalSection
	GlobalSection(ExtensibilityGlobals) = postSolution
		SolutionGuid = {E62F87D5-BC95-4419-B542-81D205E11EDF}
	EndGlobalSection
EndGlobal
